
Microsoft Visual Studio Solution File, Format Version 10.00
# Visual Studio 2008
Project("{8BC9CEB8-8B4A-11D0-8D11-00A0C91BC942}") = "DataStruct", "DataStruct\DataStruct.vcproj", "{AF8B5485-9566-4D04-9E0A-91B5C27E4B49}"
EndProject
Global
	GlobalSection(SolutionConfigurationPlatforms) = preSolution
		Debug|Win32 = Debug|Win32
		Release|Win32 = Release|Win32
	EndGlobalSection
	GlobalSection(ProjectConfigurationPlatforms) = postSolution
		{AF8B5485-9566-4D04-9E0A-91B5C27E4B49}.Debug|Win32.ActiveCfg = Debug|Win32
		{AF8B5485-9566-4D04-9E0A-91B5C27E4B49}.Debug|Win32.Build.0 = Debug|Win32
		{AF8B5485-9566-4D04-9E0A-91B5C27E4B49}.Release|Win32.ActiveCfg = Release|Win32
		{AF8B5485-9566-4D04-9E0A-91B5C27E4B49}.Release|Win32.Build.0 = Release|Win32
	EndGlobalSection
	GlobalSection(SolutionProperties) = preSolution
		HideSolutionNode = FALSE
	EndGlobalSection
EndGlobal
